
Microsoft Visual Studio Solution File, Format Version 12.00
# Visual Studio 15
VisualStudioVersion = 15.0.27428.2002
MinimumVisualStudioVersion = 10.0.40219.1
Project("{FAE04EC0-301F-11D3-BF4B-00C04F79EFBC}") = "SimpleTicker", "SimpleTicker.csproj", "{AB2030BE-9525-4FBC-BD5B-85073C9D00BB}"
EndProject
Global
	GlobalSection(SolutionConfigurationPlatforms) = preSolution
		Debug|Any CPU = Debug|Any CPU
		Release|Any CPU = Release|Any CPU
	EndGlobalSection
	GlobalSection(ProjectConfigurationPlatforms) = postSolution
		{AB2030BE-9525-4FBC-BD5B-85073C9D00BB}.Debug|Any CPU.ActiveCfg = Debug|Any CPU
		{AB2030BE-9525-4FBC-BD5B-85073C9D00BB}.Debug|Any CPU.Build.0 = Debug|Any CPU
		{AB2030BE-9525-4FBC-BD5B-85073C9D00BB}.Release|Any CPU.ActiveCfg = Release|Any CPU
		{AB2030BE-9525-4FBC-BD5B-85073C9D00BB}.Release|Any CPU.Build.0 = Release|Any CPU
	EndGlobalSection
	GlobalSection(SolutionProperties) = preSolution
		HideSolutionNode = FALSE
	EndGlobalSection
	GlobalSection(ExtensibilityGlobals) = postSolution
		SolutionGuid = {EF900EF5-F377-4CB6-B500-31E0DE1EE3A4}
	EndGlobalSection
EndGlobal
